// !$*UTF8*$!
{
	archiveVersion = 1;
	classes = {
	};
	objectVersion = 48;
	objects = {

/* Begin PBXBuildFile section */
		739A5BF51FCF010500549ABB /* iPublisher.framework in Frameworks */ = {isa = PBXBuildFile; fileRef = 739A5BEB1FCF010500549ABB /* iPublisher.framework */; };
		739A5BFA1FCF010500549ABB /* iPublisherTests.swift in Sources */ = {isa = PBXBuildFile; fileRef = 739A5BF91FCF010500549ABB /* iPublisherTests.swift */; };
		739A5BFC1FCF010500549ABB /* iPublisher.h in Headers */ = {isa = PBXBuildFile; fileRef = 739A5BEE1FCF010500549ABB /* iPublisher.h */; settings = {ATTRIBUTES = (Public, ); }; };
		739A5C0F1FCF011800549ABB /* TextAd.swift in Sources */ = {isa = PBXBuildFile; fileRef = 739A5C051FCF011800549ABB /* TextAd.swift */; };
		739A5C101FCF011800549ABB /* MPUView.xib in Resources */ = {isa = PBXBuildFile; fileRef = 739A5C061FCF011800549ABB /* MPUView.xib */; };
		739A5C111FCF011800549ABB /* LeaderBoardView.xib in Resources */ = {isa = PBXBuildFile; fileRef = 739A5C071FCF011800549ABB /* LeaderBoardView.xib */; };
		739A5C131FCF011800549ABB /* MPU.swift in Sources */ = {isa = PBXBuildFile; fileRef = 739A5C091FCF011800549ABB /* MPU.swift */; };
		739A5C151FCF011800549ABB /* TextView.xib in Resources */ = {isa = PBXBuildFile; fileRef = 739A5C0B1FCF011800549ABB /* TextView.xib */; };
		739A5C161FCF011800549ABB /* LeaderBoard.swift in Sources */ = {isa = PBXBuildFile; fileRef = 739A5C0C1FCF011800549ABB /* LeaderBoard.swift */; };
		739A5C171FCF011800549ABB /* favicon.png in Resources */ = {isa = PBXBuildFile; fileRef = 739A5C0D1FCF011800549ABB /* favicon.png */; };
		739A5C181FCF011800549ABB /* iranyekanregular.ttf in Resources */ = {isa = PBXBuildFile; fileRef = 739A5C0E1FCF011800549ABB /* iranyekanregular.ttf */; };
		739A5C1A1FCF014600549ABB /* Media.xcassets in Resources */ = {isa = PBXBuildFile; fileRef = 739A5C191FCF014600549ABB /* Media.xcassets */; };
/* End PBXBuildFile section */

/* Begin PBXContainerItemProxy section */
		739A5BF61FCF010500549ABB /* PBXContainerItemProxy */ = {
			isa = PBXContainerItemProxy;
			containerPortal = 739A5BE21FCF010500549ABB /* Project object */;
			proxyType = 1;
			remoteGlobalIDString = 739A5BEA1FCF010500549ABB;
			remoteInfo = iPublisher;
		};
/* End PBXContainerItemProxy section */

/* Begin PBXFileReference section */
		739A5BEB1FCF010500549ABB /* iPublisher.framework */ = {isa = PBXFileReference; explicitFileType = wrapper.framework; includeInIndex = 0; path = iPublisher.framework; sourceTree = BUILT_PRODUCTS_DIR; };
		739A5BEE1FCF010500549ABB /* iPublisher.h */ = {isa = PBXFileReference; lastKnownFileType = sourcecode.c.h; path = iPublisher.h; sourceTree = "<group>"; };
		739A5BEF1FCF010500549ABB /* Info.plist */ = {isa = PBXFileReference; lastKnownFileType = text.plist.xml; path = Info.plist; sourceTree = "<group>"; };
		739A5BF41FCF010500549ABB /* iPublisherTests.xctest */ = {isa = PBXFileReference; explicitFileType = wrapper.cfbundle; includeInIndex = 0; path = iPublisherTests.xctest; sourceTree = BUILT_PRODUCTS_DIR; };
		739A5BF91FCF010500549ABB /* iPublisherTests.swift */ = {isa = PBXFileReference; lastKnownFileType = sourcecode.swift; path = iPublisherTests.swift; sourceTree = "<group>"; };
		739A5BFB1FCF010500549ABB /* Info.plist */ = {isa = PBXFileReference; lastKnownFileType = text.plist.xml; path = Info.plist; sourceTree = "<group>"; };
		739A5C051FCF011800549ABB /* TextAd.swift */ = {isa = PBXFileReference; fileEncoding = 4; lastKnownFileType = sourcecode.swift; path = TextAd.swift; sourceTree = "<group>"; };
		739A5C061FCF011800549ABB /* MPUView.xib */ = {isa = PBXFileReference; fileEncoding = 4; lastKnownFileType = file.xib; path = MPUView.xib; sourceTree = "<group>"; };
		739A5C071FCF011800549ABB /* LeaderBoardView.xib */ = {isa = PBXFileReference; fileEncoding = 4; lastKnownFileType = file.xib; path = LeaderBoardView.xib; sourceTree = "<group>"; };
		739A5C091FCF011800549ABB /* MPU.swift */ = {isa = PBXFileReference; fileEncoding = 4; lastKnownFileType = sourcecode.swift; path = MPU.swift; sourceTree = "<group>"; };
		739A5C0B1FCF011800549ABB /* TextView.xib */ = {isa = PBXFileReference; fileEncoding = 4; lastKnownFileType = file.xib; path = TextView.xib; sourceTree = "<group>"; };
		739A5C0C1FCF011800549ABB /* LeaderBoard.swift */ = {isa = PBXFileReference; fileEncoding = 4; lastKnownFileType = sourcecode.swift; path = LeaderBoard.swift; sourceTree = "<group>"; };
		739A5C0D1FCF011800549ABB /* favicon.png */ = {isa = PBXFileReference; lastKnownFileType = image.png; path = favicon.png; sourceTree = "<group>"; };
		739A5C0E1FCF011800549ABB /* iranyekanregular.ttf */ = {isa = PBXFileReference; lastKnownFileType = file; path = iranyekanregular.ttf; sourceTree = "<group>"; };
		739A5C191FCF014600549ABB /* Media.xcassets */ = {isa = PBXFileReference; lastKnownFileType = folder.assetcatalog; path = Media.xcassets; sourceTree = "<group>"; };
/* End PBXFileReference section */

/* Begin PBXFrameworksBuildPhase section */
		739A5BE71FCF010500549ABB /* Frameworks */ = {
			isa = PBXFrameworksBuildPhase;
			buildActionMask = 2147483647;
			files = (
			);
			runOnlyForDeploymentPostprocessing = 0;
		};
		739A5BF11FCF010500549ABB /* Frameworks */ = {
			isa = PBXFrameworksBuildPhase;
			buildActionMask = 2147483647;
			files = (
				739A5BF51FCF010500549ABB /* iPublisher.framework in Frameworks */,
			);
			runOnlyForDeploymentPostprocessing = 0;
		};
/* End PBXFrameworksBuildPhase section */

/* Begin PBXGroup section */
		739A5BE11FCF010500549ABB = {
			isa = PBXGroup;
			children = (
				739A5BED1FCF010500549ABB /* iPublisher */,
				739A5BF81FCF010500549ABB /* iPublisherTests */,
				739A5BEC1FCF010500549ABB /* Products */,
			);
			sourceTree = "<group>";
		};
		739A5BEC1FCF010500549ABB /* Products */ = {
			isa = PBXGroup;
			children = (
				739A5BEB1FCF010500549ABB /* iPublisher.framework */,
				739A5BF41FCF010500549ABB /* iPublisherTests.xctest */,
			);
			name = Products;
			sourceTree = "<group>";
		};
		739A5BED1FCF010500549ABB /* iPublisher */ = {
			isa = PBXGroup;
			children = (
				739A5C0D1FCF011800549ABB /* favicon.png */,
				739A5C0E1FCF011800549ABB /* iranyekanregular.ttf */,
				739A5C0C1FCF011800549ABB /* LeaderBoard.swift */,
				739A5C071FCF011800549ABB /* LeaderBoardView.xib */,
				739A5C091FCF011800549ABB /* MPU.swift */,
				739A5C061FCF011800549ABB /* MPUView.xib */,
				739A5C051FCF011800549ABB /* TextAd.swift */,
				739A5C0B1FCF011800549ABB /* TextView.xib */,
				739A5BEE1FCF010500549ABB /* iPublisher.h */,
				739A5BEF1FCF010500549ABB /* Info.plist */,
				739A5C191FCF014600549ABB /* Media.xcassets */,
			);
			path = iPublisher;
			sourceTree = "<group>";
		};
		739A5BF81FCF010500549ABB /* iPublisherTests */ = {
			isa = PBXGroup;
			children = (
				739A5BF91FCF010500549ABB /* iPublisherTests.swift */,
				739A5BFB1FCF010500549ABB /* Info.plist */,
			);
			path = iPublisherTests;
			sourceTree = "<group>";
		};
/* End PBXGroup section */

/* Begin PBXHeadersBuildPhase section */
		739A5BE81FCF010500549ABB /* Headers */ = {
			isa = PBXHeadersBuildPhase;
			buildActionMask = 2147483647;
			files = (
				739A5BFC1FCF010500549ABB /* iPublisher.h in Headers */,
			);
			runOnlyForDeploymentPostprocessing = 0;
		};
/* End PBXHeadersBuildPhase section */

/* Begin PBXNativeTarget section */
		739A5BEA1FCF010500549ABB /* iPublisher */ = {
			isa = PBXNativeTarget;
			buildConfigurationList = 739A5BFF1FCF010500549ABB /* Build configuration list for PBXNativeTarget "iPublisher" */;
			buildPhases = (
				739A5BE61FCF010500549ABB /* Sources */,
				739A5BE71FCF010500549ABB /* Frameworks */,
				739A5BE81FCF010500549ABB /* Headers */,
				739A5BE91FCF010500549ABB /* Resources */,
			);
			buildRules = (
			);
			dependencies = (
			);
			name = iPublisher;
			productName = iPublisher;
			productReference = 739A5BEB1FCF010500549ABB /* iPublisher.framework */;
			productType = "com.apple.product-type.framework";
		};
		739A5BF31FCF010500549ABB /* iPublisherTests */ = {
			isa = PBXNativeTarget;
			buildConfigurationList = 739A5C021FCF010500549ABB /* Build configuration list for PBXNativeTarget "iPublisherTests" */;
			buildPhases = (
				739A5BF01FCF010500549ABB /* Sources */,
				739A5BF11FCF010500549ABB /* Frameworks */,
				739A5BF21FCF010500549ABB /* Resources */,
			);
			buildRules = (
			);
			dependencies = (
				739A5BF71FCF010500549ABB /* PBXTargetDependency */,
			);
			name = iPublisherTests;
			productName = iPublisherTests;
			productReference = 739A5BF41FCF010500549ABB /* iPublisherTests.xctest */;
			productType = "com.apple.product-type.bundle.unit-test";
		};
/* End PBXNativeTarget section */

/* Begin PBXProject section */
		739A5BE21FCF010500549ABB /* Project object */ = {
			isa = PBXProject;
			attributes = {
				LastSwiftUpdateCheck = 0910;
				LastUpgradeCheck = 0910;
				ORGANIZATIONNAME = "Sahar Pournasseh";
				TargetAttributes = {
					739A5BEA1FCF010500549ABB = {
						CreatedOnToolsVersion = 9.1;
						LastSwiftMigration = 0910;
						ProvisioningStyle = Automatic;
					};
					739A5BF31FCF010500549ABB = {
						CreatedOnToolsVersion = 9.1;
						ProvisioningStyle = Automatic;
					};
				};
			};
			buildConfigurationList = 739A5BE51FCF010500549ABB /* Build configuration list for PBXProject "iPublisher" */;
			compatibilityVersion = "Xcode 8.0";
			developmentRegion = en;
			hasScannedForEncodings = 0;
			knownRegions = (
				en,
			);
			mainGroup = 739A5BE11FCF010500549ABB;
			productRefGroup = 739A5BEC1FCF010500549ABB /* Products */;
			projectDirPath = "";
			projectRoot = "";
			targets = (
				739A5BEA1FCF010500549ABB /* iPublisher */,
				739A5BF31FCF010500549ABB /* iPublisherTests */,
			);
		};
/* End PBXProject section */

/* Begin PBXResourcesBuildPhase section */
		739A5BE91FCF010500549ABB /* Resources */ = {
			isa = PBXResourcesBuildPhase;
			buildActionMask = 2147483647;
			files = (
				739A5C111FCF011800549ABB /* LeaderBoardView.xib in Resources */,
				739A5C151FCF011800549ABB /* TextView.xib in Resources */,
				739A5C1A1FCF014600549ABB /* Media.xcassets in Resources */,
				739A5C171FCF011800549ABB /* favicon.png in Resources */,
				739A5C101FCF011800549ABB /* MPUView.xib in Resources */,
				739A5C181FCF011800549ABB /* iranyekanregular.ttf in Resources */,
			);
			runOnlyForDeploymentPostprocessing = 0;
		};
		739A5BF21FCF010500549ABB /* Resources */ = {
			isa = PBXResourcesBuildPhase;
			buildActionMask = 2147483647;
			files = (
			);
			runOnlyForDeploymentPostprocessing = 0;
		};
/* End PBXResourcesBuildPhase section */

/* Begin PBXSourcesBuildPhase section */
		739A5BE61FCF010500549ABB /* Sources */ = {
			isa = PBXSourcesBuildPhase;
			buildActionMask = 2147483647;
			files = (
				739A5C131FCF011800549ABB /* MPU.swift in Sources */,
				739A5C161FCF011800549ABB /* LeaderBoard.swift in Sources */,
				739A5C0F1FCF011800549ABB /* TextAd.swift in Sources */,
			);
			runOnlyForDeploymentPostprocessing = 0;
		};
		739A5BF01FCF010500549ABB /* Sources */ = {
			isa = PBXSourcesBuildPhase;
			buildActionMask = 2147483647;
			files = (
				739A5BFA1FCF010500549ABB /* iPublisherTests.swift in Sources */,
			);
			runOnlyForDeploymentPostprocessing = 0;
		};
/* End PBXSourcesBuildPhase section */

/* Begin PBXTargetDependency section */
		739A5BF71FCF010500549ABB /* PBXTargetDependency */ = {
			isa = PBXTargetDependency;
			target = 739A5BEA1FCF010500549ABB /* iPublisher */;
			targetProxy = 739A5BF61FCF010500549ABB /* PBXContainerItemProxy */;
		};
/* End PBXTargetDependency section */

/* Begin XCBuildConfiguration section */
		739A5BFD1FCF010500549ABB /* Debug */ = {
			isa = XCBuildConfiguration;
			buildSettings = {
				ALWAYS_SEARCH_USER_PATHS = NO;
				CLANG_ANALYZER_NONNULL = YES;
				CLANG_ANALYZER_NUMBER_OBJECT_CONVERSION = YES_AGGRESSIVE;
				CLANG_CXX_LANGUAGE_STANDARD = "gnu++14";
				CLANG_CXX_LIBRARY = "libc++";
				CLANG_ENABLE_MODULES = YES;
				CLANG_ENABLE_OBJC_ARC = YES;
				CLANG_WARN_BLOCK_CAPTURE_AUTORELEASING = YES;
				CLANG_WARN_BOOL_CONVERSION = YES;
				CLANG_WARN_COMMA = YES;
				CLANG_WARN_CONSTANT_CONVERSION = YES;
				CLANG_WARN_DIRECT_OBJC_ISA_USAGE = YES_ERROR;
				CLANG_WARN_DOCUMENTATION_COMMENTS = YES;
				CLANG_WARN_EMPTY_BODY = YES;
				CLANG_WARN_ENUM_CONVERSION = YES;
				CLANG_WARN_INFINITE_RECURSION = YES;
				CLANG_WARN_INT_CONVERSION = YES;
				CLANG_WARN_NON_LITERAL_NULL_CONVERSION = YES;
				CLANG_WARN_OBJC_LITERAL_CONVERSION = YES;
				CLANG_WARN_OBJC_ROOT_CLASS = YES_ERROR;
				CLANG_WARN_RANGE_LOOP_ANALYSIS = YES;
				CLANG_WARN_STRICT_PROTOTYPES = YES;
				CLANG_WARN_SUSPICIOUS_MOVE = YES;
				CLANG_WARN_UNGUARDED_AVAILABILITY = YES_AGGRESSIVE;
				CLANG_WARN_UNREACHABLE_CODE = YES;
				CLANG_WARN__DUPLICATE_METHOD_MATCH = YES;
				CODE_SIGN_IDENTITY = "iPhone Developer";
				COPY_PHASE_STRIP = NO;
				CURRENT_PROJECT_VERSION = 1;
				DEBUG_INFORMATION_FORMAT = dwarf;
				ENABLE_STRICT_OBJC_MSGSEND = YES;
				ENABLE_TESTABILITY = YES;
				GCC_C_LANGUAGE_STANDARD = gnu11;
				GCC_DYNAMIC_NO_PIC = NO;
				GCC_NO_COMMON_BLOCKS = YES;
				GCC_OPTIMIZATION_LEVEL = 0;
				GCC_PREPROCESSOR_DEFINITIONS = (
					"DEBUG=1",
					"$(inherited)",
				);
				GCC_WARN_64_TO_32_BIT_CONVERSION = YES;
				GCC_WARN_ABOUT_RETURN_TYPE = YES_ERROR;
				GCC_WARN_UNDECLARED_SELECTOR = YES;
				GCC_WARN_UNINITIALIZED_AUTOS = YES_AGGRESSIVE;
				GCC_WARN_UNUSED_FUNCTION = YES;
				GCC_WARN_UNUSED_VARIABLE = YES;
				IPHONEOS_DEPLOYMENT_TARGET = 9.0;
				MTL_ENABLE_DEBUG_INFO = YES;
				ONLY_ACTIVE_ARCH = YES;
				SDKROOT = iphoneos;
				SWIFT_ACTIVE_COMPILATION_CONDITIONS = DEBUG;
				SWIFT_OPTIMIZATION_LEVEL = "-Onone";
				VERSIONING_SYSTEM = "apple-generic";
				VERSION_INFO_PREFIX = "";
			};
			name = Debug;
		};
		739A5BFE1FCF010500549ABB /* Release */ = {
			isa = XCBuildConfiguration;
			buildSettings = {
				ALWAYS_SEARCH_USER_PATHS = NO;
				CLANG_ANALYZER_NONNULL = YES;
				CLANG_ANALYZER_NUMBER_OBJECT_CONVERSION = YES_AGGRESSIVE;
				CLANG_CXX_LANGUAGE_STANDARD = "gnu++14";
				CLANG_CXX_LIBRARY = "libc++";
				CLANG_ENABLE_MODULES = YES;
				CLANG_ENABLE_OBJC_ARC = YES;
				CLANG_WARN_BLOCK_CAPTURE_AUTORELEASING = YES;
				CLANG_WARN_BOOL_CONVERSION = YES;
				CLANG_WARN_COMMA = YES;
				CLANG_WARN_CONSTANT_CONVERSION = YES;
				CLANG_WARN_DIRECT_OBJC_ISA_USAGE = YES_ERROR;
				CLANG_WARN_DOCUMENTATION_COMMENTS = YES;
				CLANG_WARN_EMPTY_BODY = YES;
				CLANG_WARN_ENUM_CONVERSION = YES;
				CLANG_WARN_INFINITE_RECURSION = YES;
				CLANG_WARN_INT_CONVERSION = YES;
				CLANG_WARN_NON_LITERAL_NULL_CONVERSION = YES;
				CLANG_WARN_OBJC_LITERAL_CONVERSION = YES;
				CLANG_WARN_OBJC_ROOT_CLASS = YES_ERROR;
				CLANG_WARN_RANGE_LOOP_ANALYSIS = YES;
				CLANG_WARN_STRICT_PROTOTYPES = YES;
				CLANG_WARN_SUSPICIOUS_MOVE = YES;
				CLANG_WARN_UNGUARDED_AVAILABILITY = YES_AGGRESSIVE;
				CLANG_WARN_UNREACHABLE_CODE = YES;
				CLANG_WARN__DUPLICATE_METHOD_MATCH = YES;
				CODE_SIGN_IDENTITY = "iPhone Developer";
				COPY_PHASE_STRIP = NO;
				CURRENT_PROJECT_VERSION = 1;
				DEBUG_INFORMATION_FORMAT = "dwarf-with-dsym";
				ENABLE_NS_ASSERTIONS = NO;
				ENABLE_STRICT_OBJC_MSGSEND = YES;
				GCC_C_LANGUAGE_STANDARD = gnu11;
				GCC_NO_COMMON_BLOCKS = YES;
				GCC_WARN_64_TO_32_BIT_CONVERSION = YES;
				GCC_WARN_ABOUT_RETURN_TYPE = YES_ERROR;
				GCC_WARN_UNDECLARED_SELECTOR = YES;
				GCC_WARN_UNINITIALIZED_AUTOS = YES_AGGRESSIVE;
				GCC_WARN_UNUSED_FUNCTION = YES;
				GCC_WARN_UNUSED_VARIABLE = YES;
				IPHONEOS_DEPLOYMENT_TARGET = 9.0;
				MTL_ENABLE_DEBUG_INFO = NO;
				SDKROOT = iphoneos;
				SWIFT_OPTIMIZATION_LEVEL = "-Owholemodule";
				VALIDATE_PRODUCT = YES;
				VERSIONING_SYSTEM = "apple-generic";
				VERSION_INFO_PREFIX = "";
			};
			name = Release;
		};
		739A5C001FCF010500549ABB /* Debug */ = {
			isa = XCBuildConfiguration;
			buildSettings = {
				CLANG_ENABLE_MODULES = YES;
				CODE_SIGN_IDENTITY = "";
				CODE_SIGN_STYLE = Automatic;
				DEFINES_MODULE = YES;
				DEVELOPMENT_TEAM = NE645Y956G;
				DYLIB_COMPATIBILITY_VERSION = 1;
				DYLIB_CURRENT_VERSION = 1;
				DYLIB_INSTALL_NAME_BASE = "@rpath";
				INFOPLIST_FILE = iPublisher/Info.plist;
				INSTALL_PATH = "$(LOCAL_LIBRARY_DIR)/Frameworks";
				IPHONEOS_DEPLOYMENT_TARGET = 9.0;
				LD_RUNPATH_SEARCH_PATHS = "$(inherited) @executable_path/Frameworks @loader_path/Frameworks";
				PRODUCT_BUNDLE_IDENTIFIER = com.gearback.webmarketer.iPublisher;
				PRODUCT_NAME = "$(TARGET_NAME:c99extidentifier)";
				SKIP_INSTALL = YES;
				SWIFT_OPTIMIZATION_LEVEL = "-Onone";
				SWIFT_VERSION = 4.0;
				TARGETED_DEVICE_FAMILY = "1,2";
			};
			name = Debug;
		};
		739A5C011FCF010500549ABB /* Release */ = {
			isa = XCBuildConfiguration;
			buildSettings = {
				CLANG_ENABLE_MODULES = YES;
				CODE_SIGN_IDENTITY = "";
				CODE_SIGN_STYLE = Automatic;
				DEFINES_MODULE = YES;
				DEVELOPMENT_TEAM = NE645Y956G;
				DYLIB_COMPATIBILITY_VERSION = 1;
				DYLIB_CURRENT_VERSION = 1;
				DYLIB_INSTALL_NAME_BASE = "@rpath";
				INFOPLIST_FILE = iPublisher/Info.plist;
				INSTALL_PATH = "$(LOCAL_LIBRARY_DIR)/Frameworks";
				IPHONEOS_DEPLOYMENT_TARGET = 9.0;
				LD_RUNPATH_SEARCH_PATHS = "$(inherited) @executable_path/Frameworks @loader_path/Frameworks";
				PRODUCT_BUNDLE_IDENTIFIER = com.gearback.webmarketer.iPublisher;
				PRODUCT_NAME = "$(TARGET_NAME:c99extidentifier)";
				SKIP_INSTALL = YES;
				SWIFT_VERSION = 4.0;
				TARGETED_DEVICE_FAMILY = "1,2";
			};
			name = Release;
		};
		739A5C031FCF010500549ABB /* Debug */ = {
			isa = XCBuildConfiguration;
			buildSettings = {
				ALWAYS_EMBED_SWIFT_STANDARD_LIBRARIES = YES;
				CODE_SIGN_STYLE = Automatic;
				DEVELOPMENT_TEAM = NE645Y956G;
				INFOPLIST_FILE = iPublisherTests/Info.plist;
				LD_RUNPATH_SEARCH_PATHS = "$(inherited) @executable_path/Frameworks @loader_path/Frameworks";
				PRODUCT_BUNDLE_IDENTIFIER = com.gearback.webmarketer.iPublisherTests;
				PRODUCT_NAME = "$(TARGET_NAME)";
				SWIFT_VERSION = 4.0;
				TARGETED_DEVICE_FAMILY = "1,2";
			};
			name = Debug;
		};
		739A5C041FCF010500549ABB /* Release */ = {
			isa = XCBuildConfiguration;
			buildSettings = {
				ALWAYS_EMBED_SWIFT_STANDARD_LIBRARIES = YES;
				CODE_SIGN_STYLE = Automatic;
				DEVELOPMENT_TEAM = NE645Y956G;
				INFOPLIST_FILE = iPublisherTests/Info.plist;
				LD_RUNPATH_SEARCH_PATHS = "$(inherited) @executable_path/Frameworks @loader_path/Frameworks";
				PRODUCT_BUNDLE_IDENTIFIER = com.gearback.webmarketer.iPublisherTests;
				PRODUCT_NAME = "$(TARGET_NAME)";
				SWIFT_VERSION = 4.0;
				TARGETED_DEVICE_FAMILY = "1,2";
			};
			name = Release;
		};
/* End XCBuildConfiguration section */

/* Begin XCConfigurationList section */
		739A5BE51FCF010500549ABB /* Build configuration list for PBXProject "iPublisher" */ = {
			isa = XCConfigurationList;
			buildConfigurations = (
				739A5BFD1FCF010500549ABB /* Debug */,
				739A5BFE1FCF010500549ABB /* Release */,
			);
			defaultConfigurationIsVisible = 0;
			defaultConfigurationName = Release;
		};
		739A5BFF1FCF010500549ABB /* Build configuration list for PBXNativeTarget "iPublisher" */ = {
			isa = XCConfigurationList;
			buildConfigurations = (
				739A5C001FCF010500549ABB /* Debug */,
				739A5C011FCF010500549ABB /* Release */,
			);
			defaultConfigurationIsVisible = 0;
			defaultConfigurationName = Release;
		};
		739A5C021FCF010500549ABB /* Build configuration list for PBXNativeTarget "iPublisherTests" */ = {
			isa = XCConfigurationList;
			buildConfigurations = (
				739A5C031FCF010500549ABB /* Debug */,
				739A5C041FCF010500549ABB /* Release */,
			);
			defaultConfigurationIsVisible = 0;
			defaultConfigurationName = Release;
		};
/* End XCConfigurationList section */
	};
	rootObject = 739A5BE21FCF010500549ABB /* Project object */;
}
